
Microsoft Visual Studio Solution File, Format Version 12.00
# Visual Studio Version 17
VisualStudioVersion = 17.1.32328.378
MinimumVisualStudioVersion = 10.0.40219.1
Project("{FAE04EC0-301F-11D3-BF4B-00C04F79EFBC}") = "MySuperBank", "MySuperBank.csproj", "{C93577C7-7278-4000-AB6D-F67E37925C17}"
EndProject
Global
	GlobalSection(SolutionConfigurationPlatforms) = preSolution
		Debug|Any CPU = Debug|Any CPU
		Release|Any CPU = Release|Any CPU
	EndGlobalSection
	GlobalSection(ProjectConfigurationPlatforms) = postSolution
		{C93577C7-7278-4000-AB6D-F67E37925C17}.Debug|Any CPU.ActiveCfg = Debug|Any CPU
		{C93577C7-7278-4000-AB6D-F67E37925C17}.Debug|Any CPU.Build.0 = Debug|Any CPU
		{C93577C7-7278-4000-AB6D-F67E37925C17}.Release|Any CPU.ActiveCfg = Release|Any CPU
		{C93577C7-7278-4000-AB6D-F67E37925C17}.Release|Any CPU.Build.0 = Release|Any CPU
	EndGlobalSection
	GlobalSection(SolutionProperties) = preSolution
		HideSolutionNode = FALSE
	EndGlobalSection
	GlobalSection(ExtensibilityGlobals) = postSolution
		SolutionGuid = {6E64D60E-BC72-4EF9-A940-10C2162E504C}
	EndGlobalSection
EndGlobal
